// !$*UTF8*$!
{
	archiveVersion = 1;
	classes = {
	};
	objectVersion = 46;
	objects = {

/* Begin PBXBuildFile section */
		852566991D4293E100A2D66B /* AppDelegate.swift in Sources */ = {isa = PBXBuildFile; fileRef = 852566981D4293E100A2D66B /* AppDelegate.swift */; };
		8525669B1D4293E100A2D66B /* ViewController.swift in Sources */ = {isa = PBXBuildFile; fileRef = 8525669A1D4293E100A2D66B /* ViewController.swift */; };
		8525669E1D4293E100A2D66B /* Main.storyboard in Resources */ = {isa = PBXBuildFile; fileRef = 8525669C1D4293E100A2D66B /* Main.storyboard */; };
		852566A01D4293E100A2D66B /* Assets.xcassets in Resources */ = {isa = PBXBuildFile; fileRef = 8525669F1D4293E100A2D66B /* Assets.xcassets */; };
		852566A31D4293E100A2D66B /* LaunchScreen.storyboard in Resources */ = {isa = PBXBuildFile; fileRef = 852566A11D4293E100A2D66B /* LaunchScreen.storyboard */; };
		852566AE1D4293E100A2D66B /* BuildYourOwnApp1Tests.swift in Sources */ = {isa = PBXBuildFile; fileRef = 852566AD1D4293E100A2D66B /* BuildYourOwnApp1Tests.swift */; };
		852566B91D4293E100A2D66B /* BuildYourOwnApp1UITests.swift in Sources */ = {isa = PBXBuildFile; fileRef = 852566B81D4293E100A2D66B /* BuildYourOwnApp1UITests.swift */; };
/* End PBXBuildFile section */

/* Begin PBXContainerItemProxy section */
		852566AA1D4293E100A2D66B /* PBXContainerItemProxy */ = {
			isa = PBXContainerItemProxy;
			containerPortal = 8525668D1D4293E100A2D66B /* Project object */;
			proxyType = 1;
			remoteGlobalIDString = 852566941D4293E100A2D66B;
			remoteInfo = BuildYourOwnApp1;
		};
		852566B51D4293E100A2D66B /* PBXContainerItemProxy */ = {
			isa = PBXContainerItemProxy;
			containerPortal = 8525668D1D4293E100A2D66B /* Project object */;
			proxyType = 1;
			remoteGlobalIDString = 852566941D4293E100A2D66B;
			remoteInfo = BuildYourOwnApp1;
		};
/* End PBXContainerItemProxy section */

/* Begin PBXFileReference section */
		852566951D4293E100A2D66B /* BuildYourOwnApp1.app */ = {isa = PBXFileReference; explicitFileType = wrapper.application; includeInIndex = 0; path = BuildYourOwnApp1.app; sourceTree = BUILT_PRODUCTS_DIR; };
		852566981D4293E100A2D66B /* AppDelegate.swift */ = {isa = PBXFileReference; lastKnownFileType = sourcecode.swift; path = AppDelegate.swift; sourceTree = "<group>"; };
		8525669A1D4293E100A2D66B /* ViewController.swift */ = {isa = PBXFileReference; lastKnownFileType = sourcecode.swift; path = ViewController.swift; sourceTree = "<group>"; };
		8525669D1D4293E100A2D66B /* Base */ = {isa = PBXFileReference; lastKnownFileType = file.storyboard; name = Base; path = Base.lproj/Main.storyboard; sourceTree = "<group>"; };
		8525669F1D4293E100A2D66B /* Assets.xcassets */ = {isa = PBXFileReference; lastKnownFileType = folder.assetcatalog; path = Assets.xcassets; sourceTree = "<group>"; };
		852566A21D4293E100A2D66B /* Base */ = {isa = PBXFileReference; lastKnownFileType = file.storyboard; name = Base; path = Base.lproj/LaunchScreen.storyboard; sourceTree = "<group>"; };
		852566A41D4293E100A2D66B /* Info.plist */ = {isa = PBXFileReference; lastKnownFileType = text.plist.xml; path = Info.plist; sourceTree = "<group>"; };
		852566A91D4293E100A2D66B /* BuildYourOwnApp1Tests.xctest */ = {isa = PBXFileReference; explicitFileType = wrapper.cfbundle; includeInIndex = 0; path = BuildYourOwnApp1Tests.xctest; sourceTree = BUILT_PRODUCTS_DIR; };
		852566AD1D4293E100A2D66B /* BuildYourOwnApp1Tests.swift */ = {isa = PBXFileReference; lastKnownFileType = sourcecode.swift; path = BuildYourOwnApp1Tests.swift; sourceTree = "<group>"; };
		852566AF1D4293E100A2D66B /* Info.plist */ = {isa = PBXFileReference; lastKnownFileType = text.plist.xml; path = Info.plist; sourceTree = "<group>"; };
		852566B41D4293E100A2D66B /* BuildYourOwnApp1UITests.xctest */ = {isa = PBXFileReference; explicitFileType = wrapper.cfbundle; includeInIndex = 0; path = BuildYourOwnApp1UITests.xctest; sourceTree = BUILT_PRODUCTS_DIR; };
		852566B81D4293E100A2D66B /* BuildYourOwnApp1UITests.swift */ = {isa = PBXFileReference; lastKnownFileType = sourcecode.swift; path = BuildYourOwnApp1UITests.swift; sourceTree = "<group>"; };
		852566BA1D4293E100A2D66B /* Info.plist */ = {isa = PBXFileReference; lastKnownFileType = text.plist.xml; path = Info.plist; sourceTree = "<group>"; };
/* End PBXFileReference section */

/* Begin PBXFrameworksBuildPhase section */
		852566921D4293E100A2D66B /* Frameworks */ = {
			isa = PBXFrameworksBuildPhase;
			buildActionMask = 2147483647;
			files = (
			);
			runOnlyForDeploymentPostprocessing = 0;
		};
		852566A61D4293E100A2D66B /* Frameworks */ = {
			isa = PBXFrameworksBuildPhase;
			buildActionMask = 2147483647;
			files = (
			);
			runOnlyForDeploymentPostprocessing = 0;
		};
		852566B11D4293E100A2D66B /* Frameworks */ = {
			isa = PBXFrameworksBuildPhase;
			buildActionMask = 2147483647;
			files = (
			);
			runOnlyForDeploymentPostprocessing = 0;
		};
/* End PBXFrameworksBuildPhase section */

/* Begin PBXGroup section */
		8525668C1D4293E100A2D66B = {
			isa = PBXGroup;
			children = (
				852566971D4293E100A2D66B /* BuildYourOwnApp1 */,
				852566AC1D4293E100A2D66B /* BuildYourOwnApp1Tests */,
				852566B71D4293E100A2D66B /* BuildYourOwnApp1UITests */,
				852566961D4293E100A2D66B /* Products */,
			);
			sourceTree = "<group>";
		};
		852566961D4293E100A2D66B /* Products */ = {
			isa = PBXGroup;
			children = (
				852566951D4293E100A2D66B /* BuildYourOwnApp1.app */,
				852566A91D4293E100A2D66B /* BuildYourOwnApp1Tests.xctest */,
				852566B41D4293E100A2D66B /* BuildYourOwnApp1UITests.xctest */,
			);
			name = Products;
			sourceTree = "<group>";
		};
		852566971D4293E100A2D66B /* BuildYourOwnApp1 */ = {
			isa = PBXGroup;
			children = (
				852566981D4293E100A2D66B /* AppDelegate.swift */,
				8525669A1D4293E100A2D66B /* ViewController.swift */,
				8525669C1D4293E100A2D66B /* Main.storyboard */,
				8525669F1D4293E100A2D66B /* Assets.xcassets */,
				852566A11D4293E100A2D66B /* LaunchScreen.storyboard */,
				852566A41D4293E100A2D66B /* Info.plist */,
			);
			path = BuildYourOwnApp1;
			sourceTree = "<group>";
		};
		852566AC1D4293E100A2D66B /* BuildYourOwnApp1Tests */ = {
			isa = PBXGroup;
			children = (
				852566AD1D4293E100A2D66B /* BuildYourOwnApp1Tests.swift */,
				852566AF1D4293E100A2D66B /* Info.plist */,
			);
			path = BuildYourOwnApp1Tests;
			sourceTree = "<group>";
		};
		852566B71D4293E100A2D66B /* BuildYourOwnApp1UITests */ = {
			isa = PBXGroup;
			children = (
				852566B81D4293E100A2D66B /* BuildYourOwnApp1UITests.swift */,
				852566BA1D4293E100A2D66B /* Info.plist */,
			);
			path = BuildYourOwnApp1UITests;
			sourceTree = "<group>";
		};
/* End PBXGroup section */

/* Begin PBXNativeTarget section */
		852566941D4293E100A2D66B /* BuildYourOwnApp1 */ = {
			isa = PBXNativeTarget;
			buildConfigurationList = 852566BD1D4293E100A2D66B /* Build configuration list for PBXNativeTarget "BuildYourOwnApp1" */;
			buildPhases = (
				852566911D4293E100A2D66B /* Sources */,
				852566921D4293E100A2D66B /* Frameworks */,
				852566931D4293E100A2D66B /* Resources */,
			);
			buildRules = (
			);
			dependencies = (
			);
			name = BuildYourOwnApp1;
			productName = BuildYourOwnApp1;
			productReference = 852566951D4293E100A2D66B /* BuildYourOwnApp1.app */;
			productType = "com.apple.product-type.application";
		};
		852566A81D4293E100A2D66B /* BuildYourOwnApp1Tests */ = {
			isa = PBXNativeTarget;
			buildConfigurationList = 852566C01D4293E100A2D66B /* Build configuration list for PBXNativeTarget "BuildYourOwnApp1Tests" */;
			buildPhases = (
				852566A51D4293E100A2D66B /* Sources */,
				852566A61D4293E100A2D66B /* Frameworks */,
				852566A71D4293E100A2D66B /* Resources */,
			);
			buildRules = (
			);
			dependencies = (
				852566AB1D4293E100A2D66B /* PBXTargetDependency */,
			);
			name = BuildYourOwnApp1Tests;
			productName = BuildYourOwnApp1Tests;
			productReference = 852566A91D4293E100A2D66B /* BuildYourOwnApp1Tests.xctest */;
			productType = "com.apple.product-type.bundle.unit-test";
		};
		852566B31D4293E100A2D66B /* BuildYourOwnApp1UITests */ = {
			isa = PBXNativeTarget;
			buildConfigurationList = 852566C31D4293E100A2D66B /* Build configuration list for PBXNativeTarget "BuildYourOwnApp1UITests" */;
			buildPhases = (
				852566B01D4293E100A2D66B /* Sources */,
				852566B11D4293E100A2D66B /* Frameworks */,
				852566B21D4293E100A2D66B /* Resources */,
			);
			buildRules = (
			);
			dependencies = (
				852566B61D4293E100A2D66B /* PBXTargetDependency */,
			);
			name = BuildYourOwnApp1UITests;
			productName = BuildYourOwnApp1UITests;
			productReference = 852566B41D4293E100A2D66B /* BuildYourOwnApp1UITests.xctest */;
			productType = "com.apple.product-type.bundle.ui-testing";
		};
/* End PBXNativeTarget section */

/* Begin PBXProject section */
		8525668D1D4293E100A2D66B /* Project object */ = {
			isa = PBXProject;
			attributes = {
				LastSwiftUpdateCheck = 0730;
				LastUpgradeCheck = 0730;
				ORGANIZATIONNAME = "Saurav Desai";
				TargetAttributes = {
					852566941D4293E100A2D66B = {
						CreatedOnToolsVersion = 7.3.1;
					};
					852566A81D4293E100A2D66B = {
						CreatedOnToolsVersion = 7.3.1;
						TestTargetID = 852566941D4293E100A2D66B;
					};
					852566B31D4293E100A2D66B = {
						CreatedOnToolsVersion = 7.3.1;
						TestTargetID = 852566941D4293E100A2D66B;
					};
				};
			};
			buildConfigurationList = 852566901D4293E100A2D66B /* Build configuration list for PBXProject "BuildYourOwnApp1" */;
			compatibilityVersion = "Xcode 3.2";
			developmentRegion = English;
			hasScannedForEncodings = 0;
			knownRegions = (
				en,
				Base,
			);
			mainGroup = 8525668C1D4293E100A2D66B;
			productRefGroup = 852566961D4293E100A2D66B /* Products */;
			projectDirPath = "";
			projectRoot = "";
			targets = (
				852566941D4293E100A2D66B /* BuildYourOwnApp1 */,
				852566A81D4293E100A2D66B /* BuildYourOwnApp1Tests */,
				852566B31D4293E100A2D66B /* BuildYourOwnApp1UITests */,
			);
		};
/* End PBXProject section */

/* Begin PBXResourcesBuildPhase section */
		852566931D4293E100A2D66B /* Resources */ = {
			isa = PBXResourcesBuildPhase;
			buildActionMask = 2147483647;
			files = (
				852566A31D4293E100A2D66B /* LaunchScreen.storyboard in Resources */,
				852566A01D4293E100A2D66B /* Assets.xcassets in Resources */,
				8525669E1D4293E100A2D66B /* Main.storyboard in Resources */,
			);
			runOnlyForDeploymentPostprocessing = 0;
		};
		852566A71D4293E100A2D66B /* Resources */ = {
			isa = PBXResourcesBuildPhase;
			buildActionMask = 2147483647;
			files = (
			);
			runOnlyForDeploymentPostprocessing = 0;
		};
		852566B21D4293E100A2D66B /* Resources */ = {
			isa = PBXResourcesBuildPhase;
			buildActionMask = 2147483647;
			files = (
			);
			runOnlyForDeploymentPostprocessing = 0;
		};
/* End PBXResourcesBuildPhase section */

/* Begin PBXSourcesBuildPhase section */
		852566911D4293E100A2D66B /* Sources */ = {
			isa = PBXSourcesBuildPhase;
			buildActionMask = 2147483647;
			files = (
				8525669B1D4293E100A2D66B /* ViewController.swift in Sources */,
				852566991D4293E100A2D66B /* AppDelegate.swift in Sources */,
			);
			runOnlyForDeploymentPostprocessing = 0;
		};
		852566A51D4293E100A2D66B /* Sources */ = {
			isa = PBXSourcesBuildPhase;
			buildActionMask = 2147483647;
			files = (
				852566AE1D4293E100A2D66B /* BuildYourOwnApp1Tests.swift in Sources */,
			);
			runOnlyForDeploymentPostprocessing = 0;
		};
		852566B01D4293E100A2D66B /* Sources */ = {
			isa = PBXSourcesBuildPhase;
			buildActionMask = 2147483647;
			files = (
				852566B91D4293E100A2D66B /* BuildYourOwnApp1UITests.swift in Sources */,
			);
			runOnlyForDeploymentPostprocessing = 0;
		};
/* End PBXSourcesBuildPhase section */

/* Begin PBXTargetDependency section */
		852566AB1D4293E100A2D66B /* PBXTargetDependency */ = {
			isa = PBXTargetDependency;
			target = 852566941D4293E100A2D66B /* BuildYourOwnApp1 */;
			targetProxy = 852566AA1D4293E100A2D66B /* PBXContainerItemProxy */;
		};
		852566B61D4293E100A2D66B /* PBXTargetDependency */ = {
			isa = PBXTargetDependency;
			target = 852566941D4293E100A2D66B /* BuildYourOwnApp1 */;
			targetProxy = 852566B51D4293E100A2D66B /* PBXContainerItemProxy */;
		};
/* End PBXTargetDependency section */

/* Begin PBXVariantGroup section */
		8525669C1D4293E100A2D66B /* Main.storyboard */ = {
			isa = PBXVariantGroup;
			children = (
				8525669D1D4293E100A2D66B /* Base */,
			);
			name = Main.storyboard;
			sourceTree = "<group>";
		};
		852566A11D4293E100A2D66B /* LaunchScreen.storyboard */ = {
			isa = PBXVariantGroup;
			children = (
				852566A21D4293E100A2D66B /* Base */,
			);
			name = LaunchScreen.storyboard;
			sourceTree = "<group>";
		};
/* End PBXVariantGroup section */

/* Begin XCBuildConfiguration section */
		852566BB1D4293E100A2D66B /* Debug */ = {
			isa = XCBuildConfiguration;
			buildSettings = {
				ALWAYS_SEARCH_USER_PATHS = NO;
				CLANG_ANALYZER_NONNULL = YES;
				CLANG_CXX_LANGUAGE_STANDARD = "gnu++0x";
				CLANG_CXX_LIBRARY = "libc++";
				CLANG_ENABLE_MODULES = YES;
				CLANG_ENABLE_OBJC_ARC = YES;
				CLANG_WARN_BOOL_CONVERSION = YES;
				CLANG_WARN_CONSTANT_CONVERSION = YES;
				CLANG_WARN_DIRECT_OBJC_ISA_USAGE = YES_ERROR;
				CLANG_WARN_EMPTY_BODY = YES;
				CLANG_WARN_ENUM_CONVERSION = YES;
				CLANG_WARN_INT_CONVERSION = YES;
				CLANG_WARN_OBJC_ROOT_CLASS = YES_ERROR;
				CLANG_WARN_UNREACHABLE_CODE = YES;
				CLANG_WARN__DUPLICATE_METHOD_MATCH = YES;
				"CODE_SIGN_IDENTITY[sdk=iphoneos*]" = "iPhone Developer";
				COPY_PHASE_STRIP = NO;
				DEBUG_INFORMATION_FORMAT = dwarf;
				ENABLE_STRICT_OBJC_MSGSEND = YES;
				ENABLE_TESTABILITY = YES;
				GCC_C_LANGUAGE_STANDARD = gnu99;
				GCC_DYNAMIC_NO_PIC = NO;
				GCC_NO_COMMON_BLOCKS = YES;
				GCC_OPTIMIZATION_LEVEL = 0;
				GCC_PREPROCESSOR_DEFINITIONS = (
					"DEBUG=1",
					"$(inherited)",
				);
				GCC_WARN_64_TO_32_BIT_CONVERSION = YES;
				GCC_WARN_ABOUT_RETURN_TYPE = YES_ERROR;
				GCC_WARN_UNDECLARED_SELECTOR = YES;
				GCC_WARN_UNINITIALIZED_AUTOS = YES_AGGRESSIVE;
				GCC_WARN_UNUSED_FUNCTION = YES;
				GCC_WARN_UNUSED_VARIABLE = YES;
				IPHONEOS_DEPLOYMENT_TARGET = 9.3;
				MTL_ENABLE_DEBUG_INFO = YES;
				ONLY_ACTIVE_ARCH = YES;
				SDKROOT = iphoneos;
				SWIFT_OPTIMIZATION_LEVEL = "-Onone";
				TARGETED_DEVICE_FAMILY = "1,2";
			};
			name = Debug;
		};
		852566BC1D4293E100A2D66B /* Release */ = {
			isa = XCBuildConfiguration;
			buildSettings = {
				ALWAYS_SEARCH_USER_PATHS = NO;
				CLANG_ANALYZER_NONNULL = YES;
				CLANG_CXX_LANGUAGE_STANDARD = "gnu++0x";
				CLANG_CXX_LIBRARY = "libc++";
				CLANG_ENABLE_MODULES = YES;
				CLANG_ENABLE_OBJC_ARC = YES;
				CLANG_WARN_BOOL_CONVERSION = YES;
				CLANG_WARN_CONSTANT_CONVERSION = YES;
				CLANG_WARN_DIRECT_OBJC_ISA_USAGE = YES_ERROR;
				CLANG_WARN_EMPTY_BODY = YES;
				CLANG_WARN_ENUM_CONVERSION = YES;
				CLANG_WARN_INT_CONVERSION = YES;
				CLANG_WARN_OBJC_ROOT_CLASS = YES_ERROR;
				CLANG_WARN_UNREACHABLE_CODE = YES;
				CLANG_WARN__DUPLICATE_METHOD_MATCH = YES;
				"CODE_SIGN_IDENTITY[sdk=iphoneos*]" = "iPhone Developer";
				COPY_PHASE_STRIP = NO;
				DEBUG_INFORMATION_FORMAT = "dwarf-with-dsym";
				ENABLE_NS_ASSERTIONS = NO;
				ENABLE_STRICT_OBJC_MSGSEND = YES;
				GCC_C_LANGUAGE_STANDARD = gnu99;
				GCC_NO_COMMON_BLOCKS = YES;
				GCC_WARN_64_TO_32_BIT_CONVERSION = YES;
				GCC_WARN_ABOUT_RETURN_TYPE = YES_ERROR;
				GCC_WARN_UNDECLARED_SELECTOR = YES;
				GCC_WARN_UNINITIALIZED_AUTOS = YES_AGGRESSIVE;
				GCC_WARN_UNUSED_FUNCTION = YES;
				GCC_WARN_UNUSED_VARIABLE = YES;
				IPHONEOS_DEPLOYMENT_TARGET = 9.3;
				MTL_ENABLE_DEBUG_INFO = NO;
				SDKROOT = iphoneos;
				TARGETED_DEVICE_FAMILY = "1,2";
				VALIDATE_PRODUCT = YES;
			};
			name = Release;
		};
		852566BE1D4293E100A2D66B /* Debug */ = {
			isa = XCBuildConfiguration;
			buildSettings = {
				ASSETCATALOG_COMPILER_APPICON_NAME = AppIcon;
				INFOPLIST_FILE = BuildYourOwnApp1/Info.plist;
				LD_RUNPATH_SEARCH_PATHS = "$(inherited) @executable_path/Frameworks";
				PRODUCT_BUNDLE_IDENTIFIER = co.SauravDesai.BuildYourOwnApp1;
				PRODUCT_NAME = "$(TARGET_NAME)";
			};
			name = Debug;
		};
		852566BF1D4293E100A2D66B /* Release */ = {
			isa = XCBuildConfiguration;
			buildSettings = {
				ASSETCATALOG_COMPILER_APPICON_NAME = AppIcon;
				INFOPLIST_FILE = BuildYourOwnApp1/Info.plist;
				LD_RUNPATH_SEARCH_PATHS = "$(inherited) @executable_path/Frameworks";
				PRODUCT_BUNDLE_IDENTIFIER = co.SauravDesai.BuildYourOwnApp1;
				PRODUCT_NAME = "$(TARGET_NAME)";
			};
			name = Release;
		};
		852566C11D4293E100A2D66B /* Debug */ = {
			isa = XCBuildConfiguration;
			buildSettings = {
				BUNDLE_LOADER = "$(TEST_HOST)";
				INFOPLIST_FILE = BuildYourOwnApp1Tests/Info.plist;
				LD_RUNPATH_SEARCH_PATHS = "$(inherited) @executable_path/Frameworks @loader_path/Frameworks";
				PRODUCT_BUNDLE_IDENTIFIER = co.SauravDesai.BuildYourOwnApp1Tests;
				PRODUCT_NAME = "$(TARGET_NAME)";
				TEST_HOST = "$(BUILT_PRODUCTS_DIR)/BuildYourOwnApp1.app/BuildYourOwnApp1";
			};
			name = Debug;
		};
		852566C21D4293E100A2D66B /* Release */ = {
			isa = XCBuildConfiguration;
			buildSettings = {
				BUNDLE_LOADER = "$(TEST_HOST)";
				INFOPLIST_FILE = BuildYourOwnApp1Tests/Info.plist;
				LD_RUNPATH_SEARCH_PATHS = "$(inherited) @executable_path/Frameworks @loader_path/Frameworks";
				PRODUCT_BUNDLE_IDENTIFIER = co.SauravDesai.BuildYourOwnApp1Tests;
				PRODUCT_NAME = "$(TARGET_NAME)";
				TEST_HOST = "$(BUILT_PRODUCTS_DIR)/BuildYourOwnApp1.app/BuildYourOwnApp1";
			};
			name = Release;
		};
		852566C41D4293E100A2D66B /* Debug */ = {
			isa = XCBuildConfiguration;
			buildSettings = {
				INFOPLIST_FILE = BuildYourOwnApp1UITests/Info.plist;
				LD_RUNPATH_SEARCH_PATHS = "$(inherited) @executable_path/Frameworks @loader_path/Frameworks";
				PRODUCT_BUNDLE_IDENTIFIER = co.SauravDesai.BuildYourOwnApp1UITests;
				PRODUCT_NAME = "$(TARGET_NAME)";
				TEST_TARGET_NAME = BuildYourOwnApp1;
			};
			name = Debug;
		};
		852566C51D4293E100A2D66B /* Release */ = {
			isa = XCBuildConfiguration;
			buildSettings = {
				INFOPLIST_FILE = BuildYourOwnApp1UITests/Info.plist;
				LD_RUNPATH_SEARCH_PATHS = "$(inherited) @executable_path/Frameworks @loader_path/Frameworks";
				PRODUCT_BUNDLE_IDENTIFIER = co.SauravDesai.BuildYourOwnApp1UITests;
				PRODUCT_NAME = "$(TARGET_NAME)";
				TEST_TARGET_NAME = BuildYourOwnApp1;
			};
			name = Release;
		};
/* End XCBuildConfiguration section */

/* Begin XCConfigurationList section */
		852566901D4293E100A2D66B /* Build configuration list for PBXProject "BuildYourOwnApp1" */ = {
			isa = XCConfigurationList;
			buildConfigurations = (
				852566BB1D4293E100A2D66B /* Debug */,
				852566BC1D4293E100A2D66B /* Release */,
			);
			defaultConfigurationIsVisible = 0;
			defaultConfigurationName = Release;
		};
		852566BD1D4293E100A2D66B /* Build configuration list for PBXNativeTarget "BuildYourOwnApp1" */ = {
			isa = XCConfigurationList;
			buildConfigurations = (
				852566BE1D4293E100A2D66B /* Debug */,
				852566BF1D4293E100A2D66B /* Release */,
			);
			defaultConfigurationIsVisible = 0;
		};
		852566C01D4293E100A2D66B /* Build configuration list for PBXNativeTarget "BuildYourOwnApp1Tests" */ = {
			isa = XCConfigurationList;
			buildConfigurations = (
				852566C11D4293E100A2D66B /* Debug */,
				852566C21D4293E100A2D66B /* Release */,
			);
			defaultConfigurationIsVisible = 0;
		};
		852566C31D4293E100A2D66B /* Build configuration list for PBXNativeTarget "BuildYourOwnApp1UITests" */ = {
			isa = XCConfigurationList;
			buildConfigurations = (
				852566C41D4293E100A2D66B /* Debug */,
				852566C51D4293E100A2D66B /* Release */,
			);
			defaultConfigurationIsVisible = 0;
		};
/* End XCConfigurationList section */
	};
	rootObject = 8525668D1D4293E100A2D66B /* Project object */;
}
